
Microsoft Visual Studio Solution File, Format Version 12.00
# Visual Studio Version 16
VisualStudioVersion = 16.0.33027.164
MinimumVisualStudioVersion = 10.0.40219.1
Project("{FAE04EC0-301F-11D3-BF4B-00C04F79EFBC}") = "10.gyak", "10.gyak\10.gyak.csproj", "{93E0B543-F3E7-4F7C-87A0-12A70AF72D35}"
EndProject
Global
	GlobalSection(SolutionConfigurationPlatforms) = preSolution
		Debug|Any CPU = Debug|Any CPU
		Release|Any CPU = Release|Any CPU
	EndGlobalSection
	GlobalSection(ProjectConfigurationPlatforms) = postSolution
		{93E0B543-F3E7-4F7C-87A0-12A70AF72D35}.Debug|Any CPU.ActiveCfg = Debug|Any CPU
		{93E0B543-F3E7-4F7C-87A0-12A70AF72D35}.Debug|Any CPU.Build.0 = Debug|Any CPU
		{93E0B543-F3E7-4F7C-87A0-12A70AF72D35}.Release|Any CPU.ActiveCfg = Release|Any CPU
		{93E0B543-F3E7-4F7C-87A0-12A70AF72D35}.Release|Any CPU.Build.0 = Release|Any CPU
	EndGlobalSection
	GlobalSection(SolutionProperties) = preSolution
		HideSolutionNode = FALSE
	EndGlobalSection
	GlobalSection(ExtensibilityGlobals) = postSolution
		SolutionGuid = {F15F12FC-E2AA-4FE4-8020-C4EE938714B1}
	EndGlobalSection
EndGlobal
